
Microsoft Visual Studio Solution File, Format Version 11.00
# Visual Studio 2010
Project("{FAE04EC0-301F-11D3-BF4B-00C04F79EFBC}") = "largestNumber", "largestNumber\largestNumber.csproj", "{481FBC26-6637-4DB1-A14A-2CE1C4775054}"
EndProject
Global
	GlobalSection(SolutionConfigurationPlatforms) = preSolution
		Debug|x86 = Debug|x86
		Release|x86 = Release|x86
	EndGlobalSection
	GlobalSection(ProjectConfigurationPlatforms) = postSolution
		{481FBC26-6637-4DB1-A14A-2CE1C4775054}.Debug|x86.ActiveCfg = Debug|x86
		{481FBC26-6637-4DB1-A14A-2CE1C4775054}.Debug|x86.Build.0 = Debug|x86
		{481FBC26-6637-4DB1-A14A-2CE1C4775054}.Release|x86.ActiveCfg = Release|x86
		{481FBC26-6637-4DB1-A14A-2CE1C4775054}.Release|x86.Build.0 = Release|x86
	EndGlobalSection
	GlobalSection(MonoDevelopProperties) = preSolution
		StartupItem = largestNumber\largestNumber.csproj
	EndGlobalSection
EndGlobal
